<?xml version="1.0" encoding="utf-8"?>
<Project ToolsVersion="4.0" xmlns="http://schemas.microsoft.com/developer/msbuild/2003">
  <ItemGroup>
    <Filter Include="Source Files">
      <UniqueIdentifier>{4FC737F1-C7A5-4376-A066-2A32D752A2FF}</UniqueIdentifier>
      <Extensions>cpp;c;cc;cxx;def;odl;idl;hpj;bat;asm;asmx</Extensions>
    </Filter>
  </ItemGroup>
  <ItemGroup>
    <ClCompile Include="Src\memory.cpp">
      <Filter>Source Files</Filter>
    </ClCompile>
    <ClCompile Include="Src\ConsoleApp.cpp">
      <Filter>Source Files</Filter>
    </ClCompile>
    <ClCompile Include="Src\ConsoleRenderer.cpp">
      <Filter>Source Files</Filter>
    </ClCompile>
  </ItemGroup>
  <ItemGroup>
    <ClInclude Include="Src\memory.h">
      <Filter>Source Files</Filter>
    </ClInclude>
    <ClInclude Include="Src\ConsoleRenderer.h">
      <Filter>Source Files</Filter>
    </ClInclude>
    <ClInclude Include="Src\platform.h">
      <Filter>Source Files</Filter>
    </ClInclude>
    <ClInclude Include="Src\Sprite.h">
      <Filter>Source Files</Filter>
    </ClInclude>
    <ClInclude Include="Src\ConsoleApp.h">
      <Filter>Source Files</Filter>
    </ClInclude>
    <ClInclude Include="Src\BaseGame.h">
      <Filter>Source Files</Filter>
    </ClInclude>
    <ClInclude Include="Src\File.h">
      <Filter>Source Files</Filter>
    </ClInclude>
    <ClInclude Include="Src\vec2.h">
      <Filter>Source Files</Filter>
    </ClInclude>
    <ClInclude Include="Src\vec3.h">
      <Filter>Source Files</Filter>
    </ClInclude>
    <ClInclude Include="Src\Entity.h">
      <Filter>Source Files</Filter>
    </ClInclude>
  </ItemGroup>
</Project>